// !$*UTF8*$!
{
	archiveVersion = 1;
	classes = {
	};
	objectVersion = 56;
	objects = {

/* Begin PBXBuildFile section */
		7903035829205F7D00F81C5C /* Article.swift in Sources */ = {isa = PBXBuildFile; fileRef = 7903035729205F7D00F81C5C /* Article.swift */; };
		7903035A29205FF000F81C5C /* NewsAPIResponse.swift in Sources */ = {isa = PBXBuildFile; fileRef = 7903035929205FF000F81C5C /* NewsAPIResponse.swift */; };
		790303632920B6BA00F81C5C /* NewsAPI.swift in Sources */ = {isa = PBXBuildFile; fileRef = 790303622920B6BA00F81C5C /* NewsAPI.swift */; };
		790303652920B94D00F81C5C /* NewsTabView.swift in Sources */ = {isa = PBXBuildFile; fileRef = 790303642920B94D00F81C5C /* NewsTabView.swift */; };
		790303672920B98900F81C5C /* ArticleListView.swift in Sources */ = {isa = PBXBuildFile; fileRef = 790303662920B98900F81C5C /* ArticleListView.swift */; };
		790303692920BA2800F81C5C /* ArticleNewsViewModel.swift in Sources */ = {isa = PBXBuildFile; fileRef = 790303682920BA2800F81C5C /* ArticleNewsViewModel.swift */; };
		7903036B2920BAC300F81C5C /* Category.swift in Sources */ = {isa = PBXBuildFile; fileRef = 7903036A2920BAC300F81C5C /* Category.swift */; };
		7963DB7729202329009862D9 /* Apple_NewsApp.swift in Sources */ = {isa = PBXBuildFile; fileRef = 7963DB7629202329009862D9 /* Apple_NewsApp.swift */; };
		7963DB7929202329009862D9 /* ContentView.swift in Sources */ = {isa = PBXBuildFile; fileRef = 7963DB7829202329009862D9 /* ContentView.swift */; };
		7963DB7B2920232D009862D9 /* Assets.xcassets in Resources */ = {isa = PBXBuildFile; fileRef = 7963DB7A2920232D009862D9 /* Assets.xcassets */; };
		7963DB7F2920232E009862D9 /* Preview Assets.xcassets in Resources */ = {isa = PBXBuildFile; fileRef = 7963DB7E2920232E009862D9 /* Preview Assets.xcassets */; };
		7963DB892920232F009862D9 /* Apple_NewsTests.swift in Sources */ = {isa = PBXBuildFile; fileRef = 7963DB882920232F009862D9 /* Apple_NewsTests.swift */; };
		7963DB932920232F009862D9 /* Apple_NewsUITests.swift in Sources */ = {isa = PBXBuildFile; fileRef = 7963DB922920232F009862D9 /* Apple_NewsUITests.swift */; };
		7963DB952920232F009862D9 /* Apple_NewsUITestsLaunchTests.swift in Sources */ = {isa = PBXBuildFile; fileRef = 7963DB942920232F009862D9 /* Apple_NewsUITestsLaunchTests.swift */; };
		7963DBA229202781009862D9 /* news.json in Resources */ = {isa = PBXBuildFile; fileRef = 7963DBA129202781009862D9 /* news.json */; };
		7963DBAC29205A16009862D9 /* ArticleRowView.swift in Sources */ = {isa = PBXBuildFile; fileRef = 7963DBAB29205A16009862D9 /* ArticleRowView.swift */; };
/* End PBXBuildFile section */

/* Begin PBXContainerItemProxy section */
		7963DB852920232E009862D9 /* PBXContainerItemProxy */ = {
			isa = PBXContainerItemProxy;
			containerPortal = 7963DB6B29202329009862D9 /* Project object */;
			proxyType = 1;
			remoteGlobalIDString = 7963DB7229202329009862D9;
			remoteInfo = "Apple News";
		};
		7963DB8F2920232F009862D9 /* PBXContainerItemProxy */ = {
			isa = PBXContainerItemProxy;
			containerPortal = 7963DB6B29202329009862D9 /* Project object */;
			proxyType = 1;
			remoteGlobalIDString = 7963DB7229202329009862D9;
			remoteInfo = "Apple News";
		};
/* End PBXContainerItemProxy section */

/* Begin PBXFileReference section */
		7903035729205F7D00F81C5C /* Article.swift */ = {isa = PBXFileReference; lastKnownFileType = sourcecode.swift; path = Article.swift; sourceTree = "<group>"; };
		7903035929205FF000F81C5C /* NewsAPIResponse.swift */ = {isa = PBXFileReference; lastKnownFileType = sourcecode.swift; path = NewsAPIResponse.swift; sourceTree = "<group>"; };
		790303622920B6BA00F81C5C /* NewsAPI.swift */ = {isa = PBXFileReference; lastKnownFileType = sourcecode.swift; path = NewsAPI.swift; sourceTree = "<group>"; };
		790303642920B94D00F81C5C /* NewsTabView.swift */ = {isa = PBXFileReference; lastKnownFileType = sourcecode.swift; path = NewsTabView.swift; sourceTree = "<group>"; };
		790303662920B98900F81C5C /* ArticleListView.swift */ = {isa = PBXFileReference; lastKnownFileType = sourcecode.swift; path = ArticleListView.swift; sourceTree = "<group>"; };
		790303682920BA2800F81C5C /* ArticleNewsViewModel.swift */ = {isa = PBXFileReference; lastKnownFileType = sourcecode.swift; path = ArticleNewsViewModel.swift; sourceTree = "<group>"; };
		7903036A2920BAC300F81C5C /* Category.swift */ = {isa = PBXFileReference; lastKnownFileType = sourcecode.swift; path = Category.swift; sourceTree = "<group>"; };
		7963DB7329202329009862D9 /* Apple News.app */ = {isa = PBXFileReference; explicitFileType = wrapper.application; includeInIndex = 0; path = "Apple News.app"; sourceTree = BUILT_PRODUCTS_DIR; };
		7963DB7629202329009862D9 /* Apple_NewsApp.swift */ = {isa = PBXFileReference; lastKnownFileType = sourcecode.swift; path = Apple_NewsApp.swift; sourceTree = "<group>"; };
		7963DB7829202329009862D9 /* ContentView.swift */ = {isa = PBXFileReference; lastKnownFileType = sourcecode.swift; path = ContentView.swift; sourceTree = "<group>"; };
		7963DB7A2920232D009862D9 /* Assets.xcassets */ = {isa = PBXFileReference; lastKnownFileType = folder.assetcatalog; path = Assets.xcassets; sourceTree = "<group>"; };
		7963DB7C2920232D009862D9 /* Apple_News.entitlements */ = {isa = PBXFileReference; lastKnownFileType = text.plist.entitlements; path = Apple_News.entitlements; sourceTree = "<group>"; };
		7963DB7E2920232E009862D9 /* Preview Assets.xcassets */ = {isa = PBXFileReference; lastKnownFileType = folder.assetcatalog; path = "Preview Assets.xcassets"; sourceTree = "<group>"; };
		7963DB842920232E009862D9 /* Apple NewsTests.xctest */ = {isa = PBXFileReference; explicitFileType = wrapper.cfbundle; includeInIndex = 0; path = "Apple NewsTests.xctest"; sourceTree = BUILT_PRODUCTS_DIR; };
		7963DB882920232F009862D9 /* Apple_NewsTests.swift */ = {isa = PBXFileReference; lastKnownFileType = sourcecode.swift; path = Apple_NewsTests.swift; sourceTree = "<group>"; };
		7963DB8E2920232F009862D9 /* Apple NewsUITests.xctest */ = {isa = PBXFileReference; explicitFileType = wrapper.cfbundle; includeInIndex = 0; path = "Apple NewsUITests.xctest"; sourceTree = BUILT_PRODUCTS_DIR; };
		7963DB922920232F009862D9 /* Apple_NewsUITests.swift */ = {isa = PBXFileReference; lastKnownFileType = sourcecode.swift; path = Apple_NewsUITests.swift; sourceTree = "<group>"; };
		7963DB942920232F009862D9 /* Apple_NewsUITestsLaunchTests.swift */ = {isa = PBXFileReference; lastKnownFileType = sourcecode.swift; path = Apple_NewsUITestsLaunchTests.swift; sourceTree = "<group>"; };
		7963DBA129202781009862D9 /* news.json */ = {isa = PBXFileReference; lastKnownFileType = text.json; path = news.json; sourceTree = "<group>"; };
		7963DBAB29205A16009862D9 /* ArticleRowView.swift */ = {isa = PBXFileReference; lastKnownFileType = sourcecode.swift; path = ArticleRowView.swift; sourceTree = "<group>"; };
/* End PBXFileReference section */

/* Begin PBXFrameworksBuildPhase section */
		7963DB7029202329009862D9 /* Frameworks */ = {
			isa = PBXFrameworksBuildPhase;
			buildActionMask = 2147483647;
			files = (
			);
			runOnlyForDeploymentPostprocessing = 0;
		};
		7963DB812920232E009862D9 /* Frameworks */ = {
			isa = PBXFrameworksBuildPhase;
			buildActionMask = 2147483647;
			files = (
			);
			runOnlyForDeploymentPostprocessing = 0;
		};
		7963DB8B2920232F009862D9 /* Frameworks */ = {
			isa = PBXFrameworksBuildPhase;
			buildActionMask = 2147483647;
			files = (
			);
			runOnlyForDeploymentPostprocessing = 0;
		};
/* End PBXFrameworksBuildPhase section */

/* Begin PBXGroup section */
		7903035629205F6D00F81C5C /* Models */ = {
			isa = PBXGroup;
			children = (
				7903035729205F7D00F81C5C /* Article.swift */,
				7903035929205FF000F81C5C /* NewsAPIResponse.swift */,
				7903036A2920BAC300F81C5C /* Category.swift */,
			);
			path = Models;
			sourceTree = "<group>";
		};
		7903035B29206E3A00F81C5C /* ViewModel */ = {
			isa = PBXGroup;
			children = (
				790303682920BA2800F81C5C /* ArticleNewsViewModel.swift */,
			);
			path = ViewModel;
			sourceTree = "<group>";
		};
		7963DB6A29202329009862D9 = {
			isa = PBXGroup;
			children = (
				7963DB7529202329009862D9 /* Apple News */,
				7963DB872920232E009862D9 /* Apple NewsTests */,
				7963DB912920232F009862D9 /* Apple NewsUITests */,
				7963DB7429202329009862D9 /* Products */,
			);
			sourceTree = "<group>";
		};
		7963DB7429202329009862D9 /* Products */ = {
			isa = PBXGroup;
			children = (
				7963DB7329202329009862D9 /* Apple News.app */,
				7963DB842920232E009862D9 /* Apple NewsTests.xctest */,
				7963DB8E2920232F009862D9 /* Apple NewsUITests.xctest */,
			);
			name = Products;
			sourceTree = "<group>";
		};
		7963DB7529202329009862D9 /* Apple News */ = {
			isa = PBXGroup;
			children = (
				7963DB7629202329009862D9 /* Apple_NewsApp.swift */,
				7963DB7829202329009862D9 /* ContentView.swift */,
				7963DB7A2920232D009862D9 /* Assets.xcassets */,
				7963DBA129202781009862D9 /* news.json */,
				7963DB7C2920232D009862D9 /* Apple_News.entitlements */,
				7903035B29206E3A00F81C5C /* ViewModel */,
				7903035629205F6D00F81C5C /* Models */,
				7963DBA8292059BB009862D9 /* Views */,
				7963DB7D2920232E009862D9 /* Preview Content */,
				790303622920B6BA00F81C5C /* NewsAPI.swift */,
			);
			path = "Apple News";
			sourceTree = "<group>";
		};
		7963DB7D2920232E009862D9 /* Preview Content */ = {
			isa = PBXGroup;
			children = (
				7963DB7E2920232E009862D9 /* Preview Assets.xcassets */,
			);
			path = "Preview Content";
			sourceTree = "<group>";
		};
		7963DB872920232E009862D9 /* Apple NewsTests */ = {
			isa = PBXGroup;
			children = (
				7963DB882920232F009862D9 /* Apple_NewsTests.swift */,
			);
			path = "Apple NewsTests";
			sourceTree = "<group>";
		};
		7963DB912920232F009862D9 /* Apple NewsUITests */ = {
			isa = PBXGroup;
			children = (
				7963DB922920232F009862D9 /* Apple_NewsUITests.swift */,
				7963DB942920232F009862D9 /* Apple_NewsUITestsLaunchTests.swift */,
			);
			path = "Apple NewsUITests";
			sourceTree = "<group>";
		};
		7963DBA8292059BB009862D9 /* Views */ = {
			isa = PBXGroup;
			children = (
				7963DBAB29205A16009862D9 /* ArticleRowView.swift */,
				790303642920B94D00F81C5C /* NewsTabView.swift */,
				790303662920B98900F81C5C /* ArticleListView.swift */,
			);
			path = Views;
			sourceTree = "<group>";
		};
/* End PBXGroup section */

/* Begin PBXNativeTarget section */
		7963DB7229202329009862D9 /* Apple News */ = {
			isa = PBXNativeTarget;
			buildConfigurationList = 7963DB982920232F009862D9 /* Build configuration list for PBXNativeTarget "Apple News" */;
			buildPhases = (
				7963DB6F29202329009862D9 /* Sources */,
				7963DB7029202329009862D9 /* Frameworks */,
				7963DB7129202329009862D9 /* Resources */,
			);
			buildRules = (
			);
			dependencies = (
			);
			name = "Apple News";
			productName = "Apple News";
			productReference = 7963DB7329202329009862D9 /* Apple News.app */;
			productType = "com.apple.product-type.application";
		};
		7963DB832920232E009862D9 /* Apple NewsTests */ = {
			isa = PBXNativeTarget;
			buildConfigurationList = 7963DB9B2920232F009862D9 /* Build configuration list for PBXNativeTarget "Apple NewsTests" */;
			buildPhases = (
				7963DB802920232E009862D9 /* Sources */,
				7963DB812920232E009862D9 /* Frameworks */,
				7963DB822920232E009862D9 /* Resources */,
			);
			buildRules = (
			);
			dependencies = (
				7963DB862920232E009862D9 /* PBXTargetDependency */,
			);
			name = "Apple NewsTests";
			productName = "Apple NewsTests";
			productReference = 7963DB842920232E009862D9 /* Apple NewsTests.xctest */;
			productType = "com.apple.product-type.bundle.unit-test";
		};
		7963DB8D2920232F009862D9 /* Apple NewsUITests */ = {
			isa = PBXNativeTarget;
			buildConfigurationList = 7963DB9E2920232F009862D9 /* Build configuration list for PBXNativeTarget "Apple NewsUITests" */;
			buildPhases = (
				7963DB8A2920232F009862D9 /* Sources */,
				7963DB8B2920232F009862D9 /* Frameworks */,
				7963DB8C2920232F009862D9 /* Resources */,
			);
			buildRules = (
			);
			dependencies = (
				7963DB902920232F009862D9 /* PBXTargetDependency */,
			);
			name = "Apple NewsUITests";
			productName = "Apple NewsUITests";
			productReference = 7963DB8E2920232F009862D9 /* Apple NewsUITests.xctest */;
			productType = "com.apple.product-type.bundle.ui-testing";
		};
/* End PBXNativeTarget section */

/* Begin PBXProject section */
		7963DB6B29202329009862D9 /* Project object */ = {
			isa = PBXProject;
			attributes = {
				BuildIndependentTargetsInParallel = 1;
				LastSwiftUpdateCheck = 1400;
				LastUpgradeCheck = 1400;
				TargetAttributes = {
					7963DB7229202329009862D9 = {
						CreatedOnToolsVersion = 14.0.1;
					};
					7963DB832920232E009862D9 = {
						CreatedOnToolsVersion = 14.0.1;
						TestTargetID = 7963DB7229202329009862D9;
					};
					7963DB8D2920232F009862D9 = {
						CreatedOnToolsVersion = 14.0.1;
						TestTargetID = 7963DB7229202329009862D9;
					};
				};
			};
			buildConfigurationList = 7963DB6E29202329009862D9 /* Build configuration list for PBXProject "Apple News" */;
			compatibilityVersion = "Xcode 14.0";
			developmentRegion = en;
			hasScannedForEncodings = 0;
			knownRegions = (
				en,
				Base,
			);
			mainGroup = 7963DB6A29202329009862D9;
			productRefGroup = 7963DB7429202329009862D9 /* Products */;
			projectDirPath = "";
			projectRoot = "";
			targets = (
				7963DB7229202329009862D9 /* Apple News */,
				7963DB832920232E009862D9 /* Apple NewsTests */,
				7963DB8D2920232F009862D9 /* Apple NewsUITests */,
			);
		};
/* End PBXProject section */

/* Begin PBXResourcesBuildPhase section */
		7963DB7129202329009862D9 /* Resources */ = {
			isa = PBXResourcesBuildPhase;
			buildActionMask = 2147483647;
			files = (
				7963DBA229202781009862D9 /* news.json in Resources */,
				7963DB7F2920232E009862D9 /* Preview Assets.xcassets in Resources */,
				7963DB7B2920232D009862D9 /* Assets.xcassets in Resources */,
			);
			runOnlyForDeploymentPostprocessing = 0;
		};
		7963DB822920232E009862D9 /* Resources */ = {
			isa = PBXResourcesBuildPhase;
			buildActionMask = 2147483647;
			files = (
			);
			runOnlyForDeploymentPostprocessing = 0;
		};
		7963DB8C2920232F009862D9 /* Resources */ = {
			isa = PBXResourcesBuildPhase;
			buildActionMask = 2147483647;
			files = (
			);
			runOnlyForDeploymentPostprocessing = 0;
		};
/* End PBXResourcesBuildPhase section */

/* Begin PBXSourcesBuildPhase section */
		7963DB6F29202329009862D9 /* Sources */ = {
			isa = PBXSourcesBuildPhase;
			buildActionMask = 2147483647;
			files = (
				790303652920B94D00F81C5C /* NewsTabView.swift in Sources */,
				790303672920B98900F81C5C /* ArticleListView.swift in Sources */,
				7903035829205F7D00F81C5C /* Article.swift in Sources */,
				7963DB7929202329009862D9 /* ContentView.swift in Sources */,
				7963DBAC29205A16009862D9 /* ArticleRowView.swift in Sources */,
				7903035A29205FF000F81C5C /* NewsAPIResponse.swift in Sources */,
				7963DB7729202329009862D9 /* Apple_NewsApp.swift in Sources */,
				790303632920B6BA00F81C5C /* NewsAPI.swift in Sources */,
				790303692920BA2800F81C5C /* ArticleNewsViewModel.swift in Sources */,
				7903036B2920BAC300F81C5C /* Category.swift in Sources */,
			);
			runOnlyForDeploymentPostprocessing = 0;
		};
		7963DB802920232E009862D9 /* Sources */ = {
			isa = PBXSourcesBuildPhase;
			buildActionMask = 2147483647;
			files = (
				7963DB892920232F009862D9 /* Apple_NewsTests.swift in Sources */,
			);
			runOnlyForDeploymentPostprocessing = 0;
		};
		7963DB8A2920232F009862D9 /* Sources */ = {
			isa = PBXSourcesBuildPhase;
			buildActionMask = 2147483647;
			files = (
				7963DB952920232F009862D9 /* Apple_NewsUITestsLaunchTests.swift in Sources */,
				7963DB932920232F009862D9 /* Apple_NewsUITests.swift in Sources */,
			);
			runOnlyForDeploymentPostprocessing = 0;
		};
/* End PBXSourcesBuildPhase section */

/* Begin PBXTargetDependency section */
		7963DB862920232E009862D9 /* PBXTargetDependency */ = {
			isa = PBXTargetDependency;
			target = 7963DB7229202329009862D9 /* Apple News */;
			targetProxy = 7963DB852920232E009862D9 /* PBXContainerItemProxy */;
		};
		7963DB902920232F009862D9 /* PBXTargetDependency */ = {
			isa = PBXTargetDependency;
			target = 7963DB7229202329009862D9 /* Apple News */;
			targetProxy = 7963DB8F2920232F009862D9 /* PBXContainerItemProxy */;
		};
/* End PBXTargetDependency section */

/* Begin XCBuildConfiguration section */
		7963DB962920232F009862D9 /* Debug */ = {
			isa = XCBuildConfiguration;
			buildSettings = {
				ALWAYS_SEARCH_USER_PATHS = NO;
				CLANG_ANALYZER_NONNULL = YES;
				CLANG_ANALYZER_NUMBER_OBJECT_CONVERSION = YES_AGGRESSIVE;
				CLANG_CXX_LANGUAGE_STANDARD = "gnu++20";
				CLANG_ENABLE_MODULES = YES;
				CLANG_ENABLE_OBJC_ARC = YES;
				CLANG_ENABLE_OBJC_WEAK = YES;
				CLANG_WARN_BLOCK_CAPTURE_AUTORELEASING = YES;
				CLANG_WARN_BOOL_CONVERSION = YES;
				CLANG_WARN_COMMA = YES;
				CLANG_WARN_CONSTANT_CONVERSION = YES;
				CLANG_WARN_DEPRECATED_OBJC_IMPLEMENTATIONS = YES;
				CLANG_WARN_DIRECT_OBJC_ISA_USAGE = YES_ERROR;
				CLANG_WARN_DOCUMENTATION_COMMENTS = YES;
				CLANG_WARN_EMPTY_BODY = YES;
				CLANG_WARN_ENUM_CONVERSION = YES;
				CLANG_WARN_INFINITE_RECURSION = YES;
				CLANG_WARN_INT_CONVERSION = YES;
				CLANG_WARN_NON_LITERAL_NULL_CONVERSION = YES;
				CLANG_WARN_OBJC_IMPLICIT_RETAIN_SELF = YES;
				CLANG_WARN_OBJC_LITERAL_CONVERSION = YES;
				CLANG_WARN_OBJC_ROOT_CLASS = YES_ERROR;
				CLANG_WARN_QUOTED_INCLUDE_IN_FRAMEWORK_HEADER = YES;
				CLANG_WARN_RANGE_LOOP_ANALYSIS = YES;
				CLANG_WARN_STRICT_PROTOTYPES = YES;
				CLANG_WARN_SUSPICIOUS_MOVE = YES;
				CLANG_WARN_UNGUARDED_AVAILABILITY = YES_AGGRESSIVE;
				CLANG_WARN_UNREACHABLE_CODE = YES;
				CLANG_WARN__DUPLICATE_METHOD_MATCH = YES;
				COPY_PHASE_STRIP = NO;
				DEBUG_INFORMATION_FORMAT = dwarf;
				ENABLE_STRICT_OBJC_MSGSEND = YES;
				ENABLE_TESTABILITY = YES;
				GCC_C_LANGUAGE_STANDARD = gnu11;
				GCC_DYNAMIC_NO_PIC = NO;
				GCC_NO_COMMON_BLOCKS = YES;
				GCC_OPTIMIZATION_LEVEL = 0;
				GCC_PREPROCESSOR_DEFINITIONS = (
					"DEBUG=1",
					"$(inherited)",
				);
				GCC_WARN_64_TO_32_BIT_CONVERSION = YES;
				GCC_WARN_ABOUT_RETURN_TYPE = YES_ERROR;
				GCC_WARN_UNDECLARED_SELECTOR = YES;
				GCC_WARN_UNINITIALIZED_AUTOS = YES_AGGRESSIVE;
				GCC_WARN_UNUSED_FUNCTION = YES;
				GCC_WARN_UNUSED_VARIABLE = YES;
				MTL_ENABLE_DEBUG_INFO = INCLUDE_SOURCE;
				MTL_FAST_MATH = YES;
				ONLY_ACTIVE_ARCH = YES;
				SWIFT_ACTIVE_COMPILATION_CONDITIONS = DEBUG;
				SWIFT_OPTIMIZATION_LEVEL = "-Onone";
			};
			name = Debug;
		};
		7963DB972920232F009862D9 /* Release */ = {
			isa = XCBuildConfiguration;
			buildSettings = {
				ALWAYS_SEARCH_USER_PATHS = NO;
				CLANG_ANALYZER_NONNULL = YES;
				CLANG_ANALYZER_NUMBER_OBJECT_CONVERSION = YES_AGGRESSIVE;
				CLANG_CXX_LANGUAGE_STANDARD = "gnu++20";
				CLANG_ENABLE_MODULES = YES;
				CLANG_ENABLE_OBJC_ARC = YES;
				CLANG_ENABLE_OBJC_WEAK = YES;
				CLANG_WARN_BLOCK_CAPTURE_AUTORELEASING = YES;
				CLANG_WARN_BOOL_CONVERSION = YES;
				CLANG_WARN_COMMA = YES;
				CLANG_WARN_CONSTANT_CONVERSION = YES;
				CLANG_WARN_DEPRECATED_OBJC_IMPLEMENTATIONS = YES;
				CLANG_WARN_DIRECT_OBJC_ISA_USAGE = YES_ERROR;
				CLANG_WARN_DOCUMENTATION_COMMENTS = YES;
				CLANG_WARN_EMPTY_BODY = YES;
				CLANG_WARN_ENUM_CONVERSION = YES;
				CLANG_WARN_INFINITE_RECURSION = YES;
				CLANG_WARN_INT_CONVERSION = YES;
				CLANG_WARN_NON_LITERAL_NULL_CONVERSION = YES;
				CLANG_WARN_OBJC_IMPLICIT_RETAIN_SELF = YES;
				CLANG_WARN_OBJC_LITERAL_CONVERSION = YES;
				CLANG_WARN_OBJC_ROOT_CLASS = YES_ERROR;
				CLANG_WARN_QUOTED_INCLUDE_IN_FRAMEWORK_HEADER = YES;
				CLANG_WARN_RANGE_LOOP_ANALYSIS = YES;
				CLANG_WARN_STRICT_PROTOTYPES = YES;
				CLANG_WARN_SUSPICIOUS_MOVE = YES;
				CLANG_WARN_UNGUARDED_AVAILABILITY = YES_AGGRESSIVE;
				CLANG_WARN_UNREACHABLE_CODE = YES;
				CLANG_WARN__DUPLICATE_METHOD_MATCH = YES;
				COPY_PHASE_STRIP = NO;
				DEBUG_INFORMATION_FORMAT = "dwarf-with-dsym";
				ENABLE_NS_ASSERTIONS = NO;
				ENABLE_STRICT_OBJC_MSGSEND = YES;
				GCC_C_LANGUAGE_STANDARD = gnu11;
				GCC_NO_COMMON_BLOCKS = YES;
				GCC_WARN_64_TO_32_BIT_CONVERSION = YES;
				GCC_WARN_ABOUT_RETURN_TYPE = YES_ERROR;
				GCC_WARN_UNDECLARED_SELECTOR = YES;
				GCC_WARN_UNINITIALIZED_AUTOS = YES_AGGRESSIVE;
				GCC_WARN_UNUSED_FUNCTION = YES;
				GCC_WARN_UNUSED_VARIABLE = YES;
				MTL_ENABLE_DEBUG_INFO = NO;
				MTL_FAST_MATH = YES;
				SWIFT_COMPILATION_MODE = wholemodule;
				SWIFT_OPTIMIZATION_LEVEL = "-O";
			};
			name = Release;
		};
		7963DB992920232F009862D9 /* Debug */ = {
			isa = XCBuildConfiguration;
			buildSettings = {
				ASSETCATALOG_COMPILER_APPICON_NAME = AppIcon;
				ASSETCATALOG_COMPILER_GLOBAL_ACCENT_COLOR_NAME = AccentColor;
				CODE_SIGN_ENTITLEMENTS = "Apple News/Apple_News.entitlements";
				CODE_SIGN_STYLE = Automatic;
				CURRENT_PROJECT_VERSION = 1;
				DEVELOPMENT_ASSET_PATHS = "\"Apple News/Preview Content\"";
				ENABLE_PREVIEWS = YES;
				GENERATE_INFOPLIST_FILE = YES;
				"INFOPLIST_KEY_UIApplicationSceneManifest_Generation[sdk=iphoneos*]" = YES;
				"INFOPLIST_KEY_UIApplicationSceneManifest_Generation[sdk=iphonesimulator*]" = YES;
				"INFOPLIST_KEY_UIApplicationSupportsIndirectInputEvents[sdk=iphoneos*]" = YES;
				"INFOPLIST_KEY_UIApplicationSupportsIndirectInputEvents[sdk=iphonesimulator*]" = YES;
				"INFOPLIST_KEY_UILaunchScreen_Generation[sdk=iphoneos*]" = YES;
				"INFOPLIST_KEY_UILaunchScreen_Generation[sdk=iphonesimulator*]" = YES;
				"INFOPLIST_KEY_UIStatusBarStyle[sdk=iphoneos*]" = UIStatusBarStyleDefault;
				"INFOPLIST_KEY_UIStatusBarStyle[sdk=iphonesimulator*]" = UIStatusBarStyleDefault;
				INFOPLIST_KEY_UISupportedInterfaceOrientations_iPad = "UIInterfaceOrientationPortrait UIInterfaceOrientationPortraitUpsideDown UIInterfaceOrientationLandscapeLeft UIInterfaceOrientationLandscapeRight";
				INFOPLIST_KEY_UISupportedInterfaceOrientations_iPhone = "UIInterfaceOrientationPortrait UIInterfaceOrientationLandscapeLeft UIInterfaceOrientationLandscapeRight";
				IPHONEOS_DEPLOYMENT_TARGET = 16.0;
				LD_RUNPATH_SEARCH_PATHS = "@executable_path/Frameworks";
				"LD_RUNPATH_SEARCH_PATHS[sdk=macosx*]" = "@executable_path/../Frameworks";
				MACOSX_DEPLOYMENT_TARGET = 12.3;
				MARKETING_VERSION = 1.0;
				PRODUCT_BUNDLE_IDENTIFIER = "Milan-Dutta.Apple-News";
				PRODUCT_NAME = "$(TARGET_NAME)";
				SDKROOT = auto;
				SUPPORTED_PLATFORMS = "iphoneos iphonesimulator macosx";
				SWIFT_EMIT_LOC_STRINGS = YES;
				SWIFT_VERSION = 5.0;
				TARGETED_DEVICE_FAMILY = "1,2";
			};
			name = Debug;
		};
		7963DB9A2920232F009862D9 /* Release */ = {
			isa = XCBuildConfiguration;
			buildSettings = {
				ASSETCATALOG_COMPILER_APPICON_NAME = AppIcon;
				ASSETCATALOG_COMPILER_GLOBAL_ACCENT_COLOR_NAME = AccentColor;
				CODE_SIGN_ENTITLEMENTS = "Apple News/Apple_News.entitlements";
				CODE_SIGN_STYLE = Automatic;
				CURRENT_PROJECT_VERSION = 1;
				DEVELOPMENT_ASSET_PATHS = "\"Apple News/Preview Content\"";
				ENABLE_PREVIEWS = YES;
				GENERATE_INFOPLIST_FILE = YES;
				"INFOPLIST_KEY_UIApplicationSceneManifest_Generation[sdk=iphoneos*]" = YES;
				"INFOPLIST_KEY_UIApplicationSceneManifest_Generation[sdk=iphonesimulator*]" = YES;
				"INFOPLIST_KEY_UIApplicationSupportsIndirectInputEvents[sdk=iphoneos*]" = YES;
				"INFOPLIST_KEY_UIApplicationSupportsIndirectInputEvents[sdk=iphonesimulator*]" = YES;
				"INFOPLIST_KEY_UILaunchScreen_Generation[sdk=iphoneos*]" = YES;
				"INFOPLIST_KEY_UILaunchScreen_Generation[sdk=iphonesimulator*]" = YES;
				"INFOPLIST_KEY_UIStatusBarStyle[sdk=iphoneos*]" = UIStatusBarStyleDefault;
				"INFOPLIST_KEY_UIStatusBarStyle[sdk=iphonesimulator*]" = UIStatusBarStyleDefault;
				INFOPLIST_KEY_UISupportedInterfaceOrientations_iPad = "UIInterfaceOrientationPortrait UIInterfaceOrientationPortraitUpsideDown UIInterfaceOrientationLandscapeLeft UIInterfaceOrientationLandscapeRight";
				INFOPLIST_KEY_UISupportedInterfaceOrientations_iPhone = "UIInterfaceOrientationPortrait UIInterfaceOrientationLandscapeLeft UIInterfaceOrientationLandscapeRight";
				IPHONEOS_DEPLOYMENT_TARGET = 16.0;
				LD_RUNPATH_SEARCH_PATHS = "@executable_path/Frameworks";
				"LD_RUNPATH_SEARCH_PATHS[sdk=macosx*]" = "@executable_path/../Frameworks";
				MACOSX_DEPLOYMENT_TARGET = 12.3;
				MARKETING_VERSION = 1.0;
				PRODUCT_BUNDLE_IDENTIFIER = "Milan-Dutta.Apple-News";
				PRODUCT_NAME = "$(TARGET_NAME)";
				SDKROOT = auto;
				SUPPORTED_PLATFORMS = "iphoneos iphonesimulator macosx";
				SWIFT_EMIT_LOC_STRINGS = YES;
				SWIFT_VERSION = 5.0;
				TARGETED_DEVICE_FAMILY = "1,2";
			};
			name = Release;
		};
		7963DB9C2920232F009862D9 /* Debug */ = {
			isa = XCBuildConfiguration;
			buildSettings = {
				ALWAYS_EMBED_SWIFT_STANDARD_LIBRARIES = YES;
				BUNDLE_LOADER = "$(TEST_HOST)";
				CODE_SIGN_STYLE = Automatic;
				CURRENT_PROJECT_VERSION = 1;
				GENERATE_INFOPLIST_FILE = YES;
				IPHONEOS_DEPLOYMENT_TARGET = 16.0;
				MACOSX_DEPLOYMENT_TARGET = 12.3;
				MARKETING_VERSION = 1.0;
				PRODUCT_BUNDLE_IDENTIFIER = "Milan-Dutta.Apple-NewsTests";
				PRODUCT_NAME = "$(TARGET_NAME)";
				SDKROOT = auto;
				SUPPORTED_PLATFORMS = "iphoneos iphonesimulator macosx";
				SWIFT_EMIT_LOC_STRINGS = NO;
				SWIFT_VERSION = 5.0;
				TARGETED_DEVICE_FAMILY = "1,2";
				TEST_HOST = "$(BUILT_PRODUCTS_DIR)/Apple News.app/$(BUNDLE_EXECUTABLE_FOLDER_PATH)/Apple News";
			};
			name = Debug;
		};
		7963DB9D2920232F009862D9 /* Release */ = {
			isa = XCBuildConfiguration;
			buildSettings = {
				ALWAYS_EMBED_SWIFT_STANDARD_LIBRARIES = YES;
				BUNDLE_LOADER = "$(TEST_HOST)";
				CODE_SIGN_STYLE = Automatic;
				CURRENT_PROJECT_VERSION = 1;
				GENERATE_INFOPLIST_FILE = YES;
				IPHONEOS_DEPLOYMENT_TARGET = 16.0;
				MACOSX_DEPLOYMENT_TARGET = 12.3;
				MARKETING_VERSION = 1.0;
				PRODUCT_BUNDLE_IDENTIFIER = "Milan-Dutta.Apple-NewsTests";
				PRODUCT_NAME = "$(TARGET_NAME)";
				SDKROOT = auto;
				SUPPORTED_PLATFORMS = "iphoneos iphonesimulator macosx";
				SWIFT_EMIT_LOC_STRINGS = NO;
				SWIFT_VERSION = 5.0;
				TARGETED_DEVICE_FAMILY = "1,2";
				TEST_HOST = "$(BUILT_PRODUCTS_DIR)/Apple News.app/$(BUNDLE_EXECUTABLE_FOLDER_PATH)/Apple News";
			};
			name = Release;
		};
		7963DB9F2920232F009862D9 /* Debug */ = {
			isa = XCBuildConfiguration;
			buildSettings = {
				ALWAYS_EMBED_SWIFT_STANDARD_LIBRARIES = YES;
				CODE_SIGN_STYLE = Automatic;
				CURRENT_PROJECT_VERSION = 1;
				GENERATE_INFOPLIST_FILE = YES;
				IPHONEOS_DEPLOYMENT_TARGET = 16.0;
				MACOSX_DEPLOYMENT_TARGET = 12.3;
				MARKETING_VERSION = 1.0;
				PRODUCT_BUNDLE_IDENTIFIER = "Milan-Dutta.Apple-NewsUITests";
				PRODUCT_NAME = "$(TARGET_NAME)";
				SDKROOT = auto;
				SUPPORTED_PLATFORMS = "iphoneos iphonesimulator macosx";
				SWIFT_EMIT_LOC_STRINGS = NO;
				SWIFT_VERSION = 5.0;
				TARGETED_DEVICE_FAMILY = "1,2";
				TEST_TARGET_NAME = "Apple News";
			};
			name = Debug;
		};
		7963DBA02920232F009862D9 /* Release */ = {
			isa = XCBuildConfiguration;
			buildSettings = {
				ALWAYS_EMBED_SWIFT_STANDARD_LIBRARIES = YES;
				CODE_SIGN_STYLE = Automatic;
				CURRENT_PROJECT_VERSION = 1;
				GENERATE_INFOPLIST_FILE = YES;
				IPHONEOS_DEPLOYMENT_TARGET = 16.0;
				MACOSX_DEPLOYMENT_TARGET = 12.3;
				MARKETING_VERSION = 1.0;
				PRODUCT_BUNDLE_IDENTIFIER = "Milan-Dutta.Apple-NewsUITests";
				PRODUCT_NAME = "$(TARGET_NAME)";
				SDKROOT = auto;
				SUPPORTED_PLATFORMS = "iphoneos iphonesimulator macosx";
				SWIFT_EMIT_LOC_STRINGS = NO;
				SWIFT_VERSION = 5.0;
				TARGETED_DEVICE_FAMILY = "1,2";
				TEST_TARGET_NAME = "Apple News";
			};
			name = Release;
		};
/* End XCBuildConfiguration section */

/* Begin XCConfigurationList section */
		7963DB6E29202329009862D9 /* Build configuration list for PBXProject "Apple News" */ = {
			isa = XCConfigurationList;
			buildConfigurations = (
				7963DB962920232F009862D9 /* Debug */,
				7963DB972920232F009862D9 /* Release */,
			);
			defaultConfigurationIsVisible = 0;
			defaultConfigurationName = Release;
		};
		7963DB982920232F009862D9 /* Build configuration list for PBXNativeTarget "Apple News" */ = {
			isa = XCConfigurationList;
			buildConfigurations = (
				7963DB992920232F009862D9 /* Debug */,
				7963DB9A2920232F009862D9 /* Release */,
			);
			defaultConfigurationIsVisible = 0;
			defaultConfigurationName = Release;
		};
		7963DB9B2920232F009862D9 /* Build configuration list for PBXNativeTarget "Apple NewsTests" */ = {
			isa = XCConfigurationList;
			buildConfigurations = (
				7963DB9C2920232F009862D9 /* Debug */,
				7963DB9D2920232F009862D9 /* Release */,
			);
			defaultConfigurationIsVisible = 0;
			defaultConfigurationName = Release;
		};
		7963DB9E2920232F009862D9 /* Build configuration list for PBXNativeTarget "Apple NewsUITests" */ = {
			isa = XCConfigurationList;
			buildConfigurations = (
				7963DB9F2920232F009862D9 /* Debug */,
				7963DBA02920232F009862D9 /* Release */,
			);
			defaultConfigurationIsVisible = 0;
			defaultConfigurationName = Release;
		};
/* End XCConfigurationList section */
	};
	rootObject = 7963DB6B29202329009862D9 /* Project object */;
}
